<?xml version="1.0" encoding="utf-8"?>
<Project ToolsVersion="4.0" xmlns="http://schemas.microsoft.com/developer/msbuild/2003">
  <ItemGroup>
    <Filter Include="Source Files">
      <UniqueIdentifier>{4FC737F1-C7A5-4376-A066-2A32D752A2FF}</UniqueIdentifier>
      <Extensions>cpp;c;cxx;def;odl;idl;hpj;bat;asm;asmx</Extensions>
    </Filter>
    <Filter Include="Header Files">
      <UniqueIdentifier>{93995380-89BD-4b04-88EB-625FBE52EBFB}</UniqueIdentifier>
      <Extensions>h;hpp;hxx;hm;inl;inc;xsd</Extensions>
    </Filter>
    <Filter Include="Resource Files">
      <UniqueIdentifier>{67DA6AB6-F800-4c08-8B7A-83BB121AAD01}</UniqueIdentifier>
      <Extensions>rc;ico;cur;bmp;dlg;rc2;rct;bin;rgs;gif;jpg;jpeg;jpe;resx</Extensions>
    </Filter>
    <Filter Include="Header Files\AMP">
      <UniqueIdentifier>{346d33cf-d6a0-4c19-bbdf-ff7d5564ca7a}</UniqueIdentifier>
    </Filter>
    <Filter Include="Source Files\AMP">
      <UniqueIdentifier>{f2015983-80d8-455f-9288-7ceace03441d}</UniqueIdentifier>
    </Filter>
  </ItemGroup>
  <ItemGroup>
    <ClCompile Include="..\..\alpha.cpp">
      <Filter>Source Files</Filter>
    </ClCompile>
    <ClCompile Include="..\..\colourblock.cpp">
      <Filter>Source Files</Filter>
    </ClCompile>
    <ClCompile Include="..\..\colourfit.cpp">
      <Filter>Source Files</Filter>
    </ClCompile>
    <ClCompile Include="..\..\colourset.cpp">
      <Filter>Source Files</Filter>
    </ClCompile>
    <ClCompile Include="..\..\maths.cpp">
      <Filter>Source Files</Filter>
    </ClCompile>
    <ClCompile Include="..\..\squish.cpp">
      <Filter>Source Files</Filter>
    </ClCompile>
    <ClCompile Include="..\..\colourclusterfit.cpp">
      <Filter>Source Files</Filter>
    </ClCompile>
    <ClCompile Include="..\..\colourrangefit.cpp">
      <Filter>Source Files</Filter>
    </ClCompile>
    <ClCompile Include="..\..\inlineables.cpp">
      <Filter>Source Files</Filter>
    </ClCompile>
    <ClCompile Include="..\..\paletteblock.cpp">
      <Filter>Source Files</Filter>
    </ClCompile>
    <ClCompile Include="..\..\paletteclusterfit.cpp">
      <Filter>Source Files</Filter>
    </ClCompile>
    <ClCompile Include="..\..\palettefit.cpp">
      <Filter>Source Files</Filter>
    </ClCompile>
    <ClCompile Include="..\..\paletterangefit.cpp">
      <Filter>Source Files</Filter>
    </ClCompile>
    <ClCompile Include="..\..\paletteset.cpp">
      <Filter>Source Files</Filter>
    </ClCompile>
    <ClCompile Include="..\..\maths_packed.cpp">
      <Filter>Source Files\AMP</Filter>
    </ClCompile>
    <ClCompile Include="..\..\maths_vector.cpp">
      <Filter>Source Files\AMP</Filter>
    </ClCompile>
    <ClCompile Include="..\..\palettechannelfit.cpp">
      <Filter>Source Files</Filter>
    </ClCompile>
    <ClCompile Include="..\..\palettenormalfit.cpp">
      <Filter>Source Files</Filter>
    </ClCompile>
    <ClCompile Include="..\..\coloursinglefit.cpp">
      <Filter>Source Files</Filter>
    </ClCompile>
    <ClCompile Include="..\..\coloursinglesnap.cpp">
      <Filter>Source Files</Filter>
    </ClCompile>
    <ClCompile Include="..\..\palettesinglefit.cpp">
      <Filter>Source Files</Filter>
    </ClCompile>
    <ClCompile Include="..\..\palettesinglesnap.cpp">
      <Filter>Source Files</Filter>
    </ClCompile>
    <ClCompile Include="..\..\paletteindexfit.cpp">
      <Filter>Source Files</Filter>
    </ClCompile>
    <ClCompile Include="..\..\hdrset.cpp">
      <Filter>Source Files</Filter>
    </ClCompile>
    <ClCompile Include="..\..\hdrfit.cpp">
      <Filter>Source Files</Filter>
    </ClCompile>
    <ClCompile Include="..\..\hdrrangefit.cpp">
      <Filter>Source Files</Filter>
    </ClCompile>
    <ClCompile Include="..\..\hdrsinglefit.cpp">
      <Filter>Source Files</Filter>
    </ClCompile>
    <ClCompile Include="..\..\hdrsinglesnap.cpp">
      <Filter>Source Files</Filter>
    </ClCompile>
    <ClCompile Include="..\..\hdrindexfit.cpp">
      <Filter>Source Files</Filter>
    </ClCompile>
    <ClCompile Include="..\..\simd.cpp">
      <Filter>Source Files</Filter>
    </ClCompile>
    <ClCompile Include="..\..\hdrblock.cpp">
      <Filter>Source Files</Filter>
    </ClCompile>
    <ClCompile Include="..\..\alphanormalfit.cpp">
      <Filter>Source Files</Filter>
    </ClCompile>
    <ClCompile Include="..\..\bitoneblock.cpp">
      <Filter>Source Files</Filter>
    </ClCompile>
    <ClCompile Include="..\..\bitoneclusterfit.cpp">
      <Filter>Source Files</Filter>
    </ClCompile>
    <ClCompile Include="..\..\bitonefit.cpp">
      <Filter>Source Files</Filter>
    </ClCompile>
    <ClCompile Include="..\..\bitonenormalfit.cpp">
      <Filter>Source Files</Filter>
    </ClCompile>
    <ClCompile Include="..\..\bitonerangefit.cpp">
      <Filter>Source Files</Filter>
    </ClCompile>
    <ClCompile Include="..\..\bitoneset.cpp">
      <Filter>Source Files</Filter>
    </ClCompile>
    <ClCompile Include="..\..\colournormalfit.cpp">
      <Filter>Source Files</Filter>
    </ClCompile>
  </ItemGroup>
  <ItemGroup>
    <ClInclude Include="..\..\alpha.h">
      <Filter>Header Files</Filter>
    </ClInclude>
    <ClInclude Include="..\..\colourblock.h">
      <Filter>Header Files</Filter>
    </ClInclude>
    <ClInclude Include="..\..\colourfit.h">
      <Filter>Header Files</Filter>
    </ClInclude>
    <ClInclude Include="..\..\colourset.h">
      <Filter>Header Files</Filter>
    </ClInclude>
    <ClInclude Include="..\..\config.h">
      <Filter>Header Files</Filter>
    </ClInclude>
    <ClInclude Include="..\..\maths.h">
      <Filter>Header Files</Filter>
    </ClInclude>
    <ClInclude Include="..\..\simd.h">
      <Filter>Header Files</Filter>
    </ClInclude>
    <ClInclude Include="..\..\simd_float.h">
      <Filter>Header Files</Filter>
    </ClInclude>
    <ClInclude Include="..\..\simd_sse.h">
      <Filter>Header Files</Filter>
    </ClInclude>
    <ClInclude Include="..\..\simd_ve.h">
      <Filter>Header Files</Filter>
    </ClInclude>
    <ClInclude Include="..\..\squish.h">
      <Filter>Header Files</Filter>
    </ClInclude>
    <ClInclude Include="..\..\colourclusterfit.h">
      <Filter>Header Files</Filter>
    </ClInclude>
    <ClInclude Include="..\..\colourrangefit.h">
      <Filter>Header Files</Filter>
    </ClInclude>
    <ClInclude Include="..\..\paletteblock.h">
      <Filter>Header Files</Filter>
    </ClInclude>
    <ClInclude Include="..\..\paletteclusterfit.h">
      <Filter>Header Files</Filter>
    </ClInclude>
    <ClInclude Include="..\..\palettefit.h">
      <Filter>Header Files</Filter>
    </ClInclude>
    <ClInclude Include="..\..\paletterangefit.h">
      <Filter>Header Files</Filter>
    </ClInclude>
    <ClInclude Include="..\..\paletteset.h">
      <Filter>Header Files</Filter>
    </ClInclude>
    <ClInclude Include="..\..\palettechannelfit.h">
      <Filter>Header Files</Filter>
    </ClInclude>
    <ClInclude Include="..\..\palettenormalfit.h">
      <Filter>Header Files</Filter>
    </ClInclude>
    <ClInclude Include="..\..\palettesinglesnap.h">
      <Filter>Header Files</Filter>
    </ClInclude>
    <ClInclude Include="..\..\palettesinglefit.h">
      <Filter>Header Files</Filter>
    </ClInclude>
    <ClInclude Include="..\..\coloursinglesnap.h">
      <Filter>Header Files</Filter>
    </ClInclude>
    <ClInclude Include="..\..\coloursinglefit.h">
      <Filter>Header Files</Filter>
    </ClInclude>
    <ClInclude Include="..\..\paletteindexfit.h">
      <Filter>Header Files</Filter>
    </ClInclude>
    <ClInclude Include="..\..\hdrblock.h">
      <Filter>Header Files</Filter>
    </ClInclude>
    <ClInclude Include="..\..\hdrset.h">
      <Filter>Header Files</Filter>
    </ClInclude>
    <ClInclude Include="..\..\hdrfit.h">
      <Filter>Header Files</Filter>
    </ClInclude>
    <ClInclude Include="..\..\hdrrangefit.h">
      <Filter>Header Files</Filter>
    </ClInclude>
    <ClInclude Include="..\..\hdrsinglefit.h">
      <Filter>Header Files</Filter>
    </ClInclude>
    <ClInclude Include="..\..\hdrsinglesnap.h">
      <Filter>Header Files</Filter>
    </ClInclude>
    <ClInclude Include="..\..\hdrindexfit.h">
      <Filter>Header Files</Filter>
    </ClInclude>
    <ClInclude Include="..\..\alphanormalfit.h">
      <Filter>Header Files</Filter>
    </ClInclude>
    <ClInclude Include="..\..\helpers.h">
      <Filter>Header Files</Filter>
    </ClInclude>
    <ClInclude Include="..\..\bitoneblock.h">
      <Filter>Header Files</Filter>
    </ClInclude>
    <ClInclude Include="..\..\bitoneclusterfit.h">
      <Filter>Header Files</Filter>
    </ClInclude>
    <ClInclude Include="..\..\bitonefit.h">
      <Filter>Header Files</Filter>
    </ClInclude>
    <ClInclude Include="..\..\bitonenormalfit.h">
      <Filter>Header Files</Filter>
    </ClInclude>
    <ClInclude Include="..\..\bitonerangefit.h">
      <Filter>Header Files</Filter>
    </ClInclude>
    <ClInclude Include="..\..\bitoneset.h">
      <Filter>Header Files</Filter>
    </ClInclude>
    <ClInclude Include="..\..\colournormalfit.h">
      <Filter>Header Files</Filter>
    </ClInclude>
  </ItemGroup>
  <ItemGroup>
    <None Include="..\..\texture_compression_s3tc.txt">
      <Filter>Resource Files</Filter>
    </None>
    <None Include="..\..\singlecolourlookup_ccr.inl">
      <Filter>Header Files\AMP</Filter>
    </None>
    <None Include="..\..\singlecolourlookup_ccr_flat.inl">
      <Filter>Header Files\AMP</Filter>
    </None>
    <None Include="..\..\singlecolourlookup_ccr_packed.inl">
      <Filter>Header Files\AMP</Filter>
    </None>
    <None Include="..\..\singlecolourlookup_ccr_vector.inl">
      <Filter>Header Files\AMP</Filter>
    </None>
    <None Include="..\..\palettesinglelookup.inl">
      <Filter>Header Files</Filter>
    </None>
    <None Include="..\..\coloursinglelookup.inl">
      <Filter>Header Files</Filter>
    </None>
    <None Include="..\..\bitoneclusterfit.inl">
      <Filter>Header Files</Filter>
    </None>
  </ItemGroup>
  <ItemGroup>
    <Text Include="..\..\texture_compression_bptc.txt">
      <Filter>Resource Files</Filter>
    </Text>
    <Text Include="..\..\texture_compression_fxt1.txt">
      <Filter>Resource Files</Filter>
    </Text>
    <Text Include="..\..\texture_compression_latc.txt">
      <Filter>Resource Files</Filter>
    </Text>
    <Text Include="..\..\texture_compression_rgtc.txt">
      <Filter>Resource Files</Filter>
    </Text>
  </ItemGroup>
</Project>